
Microsoft Visual Studio Solution File, Format Version 12.00
# Visual Studio Version 17
VisualStudioVersion = 17.6.33829.357
MinimumVisualStudioVersion = 10.0.40219.1
Project("{FAE04EC0-301F-11D3-BF4B-00C04F79EFBC}") = "BooksWeb", "BooksWeb\BooksWeb.csproj", "{46825B3F-F8FA-4F2E-8F24-6488BE7A0C7A}"
EndProject
Global
	GlobalSection(SolutionConfigurationPlatforms) = preSolution
		Debug|Any CPU = Debug|Any CPU
		Release|Any CPU = Release|Any CPU
	EndGlobalSection
	GlobalSection(ProjectConfigurationPlatforms) = postSolution
		{46825B3F-F8FA-4F2E-8F24-6488BE7A0C7A}.Debug|Any CPU.ActiveCfg = Debug|Any CPU
		{46825B3F-F8FA-4F2E-8F24-6488BE7A0C7A}.Debug|Any CPU.Build.0 = Debug|Any CPU
		{46825B3F-F8FA-4F2E-8F24-6488BE7A0C7A}.Release|Any CPU.ActiveCfg = Release|Any CPU
		{46825B3F-F8FA-4F2E-8F24-6488BE7A0C7A}.Release|Any CPU.Build.0 = Release|Any CPU
	EndGlobalSection
	GlobalSection(SolutionProperties) = preSolution
		HideSolutionNode = FALSE
	EndGlobalSection
	GlobalSection(ExtensibilityGlobals) = postSolution
		SolutionGuid = {4FA9A527-15DD-48DD-AC1D-3951D45EDC65}
	EndGlobalSection
EndGlobal
